
Microsoft Visual Studio Solution File, Format Version 12.00
# Visual Studio Version 17
VisualStudioVersion = 17.5.002.0
MinimumVisualStudioVersion = 10.0.40219.1
Project("{9A19103F-16F7-4668-BE54-9A1E7A4F7556}") = "api", "api.csproj", "{6A9FE7BC-3D0D-4C91-BCF3-E60A7096E5BC}"
EndProject
Global
	GlobalSection(SolutionConfigurationPlatforms) = preSolution
		Debug|Any CPU = Debug|Any CPU
		Release|Any CPU = Release|Any CPU
	EndGlobalSection
	GlobalSection(ProjectConfigurationPlatforms) = postSolution
		{6A9FE7BC-3D0D-4C91-BCF3-E60A7096E5BC}.Debug|Any CPU.ActiveCfg = Debug|Any CPU
		{6A9FE7BC-3D0D-4C91-BCF3-E60A7096E5BC}.Debug|Any CPU.Build.0 = Debug|Any CPU
		{6A9FE7BC-3D0D-4C91-BCF3-E60A7096E5BC}.Release|Any CPU.ActiveCfg = Release|Any CPU
		{6A9FE7BC-3D0D-4C91-BCF3-E60A7096E5BC}.Release|Any CPU.Build.0 = Release|Any CPU
	EndGlobalSection
	GlobalSection(SolutionProperties) = preSolution
		HideSolutionNode = FALSE
	EndGlobalSection
	GlobalSection(ExtensibilityGlobals) = postSolution
		SolutionGuid = {3419A73C-9547-40F0-8FF2-804869260F82}
	EndGlobalSection
EndGlobal
